
Microsoft Visual Studio Solution File, Format Version 12.00
# Visual Studio Version 16
VisualStudioVersion = 16.0.29215.179
MinimumVisualStudioVersion = 10.0.40219.1
Project("{FAE04EC0-301F-11D3-BF4B-00C04F79EFBC}") = "Lab15", "Lab15.csproj", "{9B3D67DE-D904-469B-9541-0D4F5CF456D3}"
EndProject
Global
	GlobalSection(SolutionConfigurationPlatforms) = preSolution
		Debug|Any CPU = Debug|Any CPU
		Release|Any CPU = Release|Any CPU
	EndGlobalSection
	GlobalSection(ProjectConfigurationPlatforms) = postSolution
		{9B3D67DE-D904-469B-9541-0D4F5CF456D3}.Debug|Any CPU.ActiveCfg = Debug|Any CPU
		{9B3D67DE-D904-469B-9541-0D4F5CF456D3}.Debug|Any CPU.Build.0 = Debug|Any CPU
		{9B3D67DE-D904-469B-9541-0D4F5CF456D3}.Release|Any CPU.ActiveCfg = Release|Any CPU
		{9B3D67DE-D904-469B-9541-0D4F5CF456D3}.Release|Any CPU.Build.0 = Release|Any CPU
	EndGlobalSection
	GlobalSection(SolutionProperties) = preSolution
		HideSolutionNode = FALSE
	EndGlobalSection
	GlobalSection(ExtensibilityGlobals) = postSolution
		SolutionGuid = {8DFAE1C5-E131-432E-9CB8-EB331A0400C6}
	EndGlobalSection
EndGlobal
