
Microsoft Visual Studio Solution File, Format Version 12.00
# Visual Studio Version 16
VisualStudioVersion = 16.0.29519.181
MinimumVisualStudioVersion = 10.0.40219.1
Project("{FAE04EC0-301F-11D3-BF4B-00C04F79EFBC}") = "CourseWork.UI", "CouseWork.UI\CourseWork.UI.csproj", "{C08BE638-A332-4607-890E-62D2C6603D0C}"
EndProject
Project("{FAE04EC0-301F-11D3-BF4B-00C04F79EFBC}") = "CourseWork.Graph", "CourseWork.Graph\CourseWork.Graph.csproj", "{15A4F4C3-FE59-4D9D-AEA8-DFF5AD07FD22}"
EndProject
Global
	GlobalSection(SolutionConfigurationPlatforms) = preSolution
		Debug|Any CPU = Debug|Any CPU
		Release|Any CPU = Release|Any CPU
	EndGlobalSection
	GlobalSection(ProjectConfigurationPlatforms) = postSolution
		{C08BE638-A332-4607-890E-62D2C6603D0C}.Debug|Any CPU.ActiveCfg = Debug|Any CPU
		{C08BE638-A332-4607-890E-62D2C6603D0C}.Debug|Any CPU.Build.0 = Debug|Any CPU
		{C08BE638-A332-4607-890E-62D2C6603D0C}.Release|Any CPU.ActiveCfg = Release|Any CPU
		{C08BE638-A332-4607-890E-62D2C6603D0C}.Release|Any CPU.Build.0 = Release|Any CPU
		{15A4F4C3-FE59-4D9D-AEA8-DFF5AD07FD22}.Debug|Any CPU.ActiveCfg = Debug|Any CPU
		{15A4F4C3-FE59-4D9D-AEA8-DFF5AD07FD22}.Debug|Any CPU.Build.0 = Debug|Any CPU
		{15A4F4C3-FE59-4D9D-AEA8-DFF5AD07FD22}.Release|Any CPU.ActiveCfg = Release|Any CPU
		{15A4F4C3-FE59-4D9D-AEA8-DFF5AD07FD22}.Release|Any CPU.Build.0 = Release|Any CPU
	EndGlobalSection
	GlobalSection(SolutionProperties) = preSolution
		HideSolutionNode = FALSE
	EndGlobalSection
	GlobalSection(ExtensibilityGlobals) = postSolution
		SolutionGuid = {E31B5BA4-3B86-449E-988F-557D1FE54A9B}
	EndGlobalSection
EndGlobal
