
Microsoft Visual Studio Solution File, Format Version 12.00
# Visual Studio Version 16
VisualStudioVersion = 16.0.29215.179
MinimumVisualStudioVersion = 10.0.40219.1
Project("{FAE04EC0-301F-11D3-BF4B-00C04F79EFBC}") = "lab9", "lab9.csproj", "{EA050826-C708-4F5D-A0AB-EBB01A5B60D7}"
EndProject
Global
	GlobalSection(SolutionConfigurationPlatforms) = preSolution
		Debug|Any CPU = Debug|Any CPU
		Release|Any CPU = Release|Any CPU
	EndGlobalSection
	GlobalSection(ProjectConfigurationPlatforms) = postSolution
		{EA050826-C708-4F5D-A0AB-EBB01A5B60D7}.Debug|Any CPU.ActiveCfg = Debug|Any CPU
		{EA050826-C708-4F5D-A0AB-EBB01A5B60D7}.Debug|Any CPU.Build.0 = Debug|Any CPU
		{EA050826-C708-4F5D-A0AB-EBB01A5B60D7}.Release|Any CPU.ActiveCfg = Release|Any CPU
		{EA050826-C708-4F5D-A0AB-EBB01A5B60D7}.Release|Any CPU.Build.0 = Release|Any CPU
	EndGlobalSection
	GlobalSection(SolutionProperties) = preSolution
		HideSolutionNode = FALSE
	EndGlobalSection
	GlobalSection(ExtensibilityGlobals) = postSolution
		SolutionGuid = {1F4186BE-54D4-4704-BC10-1D9885311DEC}
	EndGlobalSection
EndGlobal
