
Microsoft Visual Studio Solution File, Format Version 12.00
# Visual Studio Version 16
VisualStudioVersion = 16.0.29326.143
MinimumVisualStudioVersion = 10.0.40219.1
Project("{FAE04EC0-301F-11D3-BF4B-00C04F79EFBC}") = "laba3_oop", "laba3_oop\laba3_oop.csproj", "{B97C8462-5692-48EE-AF51-11C451A319F1}"
EndProject
Global
	GlobalSection(SolutionConfigurationPlatforms) = preSolution
		Debug|Any CPU = Debug|Any CPU
		Release|Any CPU = Release|Any CPU
	EndGlobalSection
	GlobalSection(ProjectConfigurationPlatforms) = postSolution
		{B97C8462-5692-48EE-AF51-11C451A319F1}.Debug|Any CPU.ActiveCfg = Debug|Any CPU
		{B97C8462-5692-48EE-AF51-11C451A319F1}.Debug|Any CPU.Build.0 = Debug|Any CPU
		{B97C8462-5692-48EE-AF51-11C451A319F1}.Release|Any CPU.ActiveCfg = Release|Any CPU
		{B97C8462-5692-48EE-AF51-11C451A319F1}.Release|Any CPU.Build.0 = Release|Any CPU
	EndGlobalSection
	GlobalSection(SolutionProperties) = preSolution
		HideSolutionNode = FALSE
	EndGlobalSection
	GlobalSection(ExtensibilityGlobals) = postSolution
		SolutionGuid = {16388130-95E3-44EC-AE1A-D37D79376EF5}
	EndGlobalSection
EndGlobal
