
Microsoft Visual Studio Solution File, Format Version 12.00
# Visual Studio Version 16
VisualStudioVersion = 16.0.30503.244
MinimumVisualStudioVersion = 10.0.40219.1
Project("{FAE04EC0-301F-11D3-BF4B-00C04F79EFBC}") = "laba_denis", "laba_denis\laba_denis.csproj", "{2E5B17C7-F1D6-4A12-B5EF-AA600C7B0452}"
EndProject
Global
	GlobalSection(SolutionConfigurationPlatforms) = preSolution
		Debug|Any CPU = Debug|Any CPU
		Release|Any CPU = Release|Any CPU
	EndGlobalSection
	GlobalSection(ProjectConfigurationPlatforms) = postSolution
		{2E5B17C7-F1D6-4A12-B5EF-AA600C7B0452}.Debug|Any CPU.ActiveCfg = Debug|Any CPU
		{2E5B17C7-F1D6-4A12-B5EF-AA600C7B0452}.Debug|Any CPU.Build.0 = Debug|Any CPU
		{2E5B17C7-F1D6-4A12-B5EF-AA600C7B0452}.Release|Any CPU.ActiveCfg = Release|Any CPU
		{2E5B17C7-F1D6-4A12-B5EF-AA600C7B0452}.Release|Any CPU.Build.0 = Release|Any CPU
	EndGlobalSection
	GlobalSection(SolutionProperties) = preSolution
		HideSolutionNode = FALSE
	EndGlobalSection
	GlobalSection(ExtensibilityGlobals) = postSolution
		SolutionGuid = {B3DCC25D-4C71-4B08-AA63-39F55DB797B5}
	EndGlobalSection
EndGlobal
