
Microsoft Visual Studio Solution File, Format Version 12.00
# Visual Studio Version 16
VisualStudioVersion = 16.0.30503.244
MinimumVisualStudioVersion = 10.0.40219.1
Project("{FAE04EC0-301F-11D3-BF4B-00C04F79EFBC}") = "laba4_1_oop", "laba4_1_oop\laba4_1_oop.csproj", "{F27576E8-9355-4991-BC43-74FAEF58652E}"
EndProject
Global
	GlobalSection(SolutionConfigurationPlatforms) = preSolution
		Debug|Any CPU = Debug|Any CPU
		Release|Any CPU = Release|Any CPU
	EndGlobalSection
	GlobalSection(ProjectConfigurationPlatforms) = postSolution
		{F27576E8-9355-4991-BC43-74FAEF58652E}.Debug|Any CPU.ActiveCfg = Debug|Any CPU
		{F27576E8-9355-4991-BC43-74FAEF58652E}.Debug|Any CPU.Build.0 = Debug|Any CPU
		{F27576E8-9355-4991-BC43-74FAEF58652E}.Release|Any CPU.ActiveCfg = Release|Any CPU
		{F27576E8-9355-4991-BC43-74FAEF58652E}.Release|Any CPU.Build.0 = Release|Any CPU
	EndGlobalSection
	GlobalSection(SolutionProperties) = preSolution
		HideSolutionNode = FALSE
	EndGlobalSection
	GlobalSection(ExtensibilityGlobals) = postSolution
		SolutionGuid = {2BB759BA-4A59-4EBF-A5E9-26F229326811}
	EndGlobalSection
EndGlobal
