
Microsoft Visual Studio Solution File, Format Version 12.00
# Visual Studio Version 16
VisualStudioVersion = 16.0.29509.3
MinimumVisualStudioVersion = 10.0.40219.1
Project("{FAE04EC0-301F-11D3-BF4B-00C04F79EFBC}") = "CourseProject", "CourseProject.csproj", "{4E3D097D-D419-40C3-9E2A-06C8AA6966D8}"
EndProject
Global
	GlobalSection(SolutionConfigurationPlatforms) = preSolution
		Debug|Any CPU = Debug|Any CPU
		Release|Any CPU = Release|Any CPU
	EndGlobalSection
	GlobalSection(ProjectConfigurationPlatforms) = postSolution
		{4E3D097D-D419-40C3-9E2A-06C8AA6966D8}.Debug|Any CPU.ActiveCfg = Debug|Any CPU
		{4E3D097D-D419-40C3-9E2A-06C8AA6966D8}.Debug|Any CPU.Build.0 = Debug|Any CPU
		{4E3D097D-D419-40C3-9E2A-06C8AA6966D8}.Release|Any CPU.ActiveCfg = Release|Any CPU
		{4E3D097D-D419-40C3-9E2A-06C8AA6966D8}.Release|Any CPU.Build.0 = Release|Any CPU
	EndGlobalSection
	GlobalSection(SolutionProperties) = preSolution
		HideSolutionNode = FALSE
	EndGlobalSection
	GlobalSection(ExtensibilityGlobals) = postSolution
		SolutionGuid = {5C69F495-BD52-40DA-AA9E-3E8F54A2405A}
	EndGlobalSection
EndGlobal
