
Microsoft Visual Studio Solution File, Format Version 12.00
# Visual Studio 15
VisualStudioVersion = 15.0.28307.960
MinimumVisualStudioVersion = 10.0.40219.1
Project("{FAE04EC0-301F-11D3-BF4B-00C04F79EFBC}") = "lab7", "lab7.csproj", "{0F1A7DD9-795E-4D5A-84CC-D1999405638D}"
EndProject
Global
	GlobalSection(SolutionConfigurationPlatforms) = preSolution
		Debug|Any CPU = Debug|Any CPU
		Release|Any CPU = Release|Any CPU
	EndGlobalSection
	GlobalSection(ProjectConfigurationPlatforms) = postSolution
		{0F1A7DD9-795E-4D5A-84CC-D1999405638D}.Debug|Any CPU.ActiveCfg = Debug|Any CPU
		{0F1A7DD9-795E-4D5A-84CC-D1999405638D}.Debug|Any CPU.Build.0 = Debug|Any CPU
		{0F1A7DD9-795E-4D5A-84CC-D1999405638D}.Release|Any CPU.ActiveCfg = Release|Any CPU
		{0F1A7DD9-795E-4D5A-84CC-D1999405638D}.Release|Any CPU.Build.0 = Release|Any CPU
	EndGlobalSection
	GlobalSection(SolutionProperties) = preSolution
		HideSolutionNode = FALSE
	EndGlobalSection
	GlobalSection(ExtensibilityGlobals) = postSolution
		SolutionGuid = {F010B26E-6924-476B-9EE7-3FA26CA4B1BE}
	EndGlobalSection
EndGlobal
