
Microsoft Visual Studio Solution File, Format Version 12.00
# Visual Studio Version 16
VisualStudioVersion = 16.0.29215.179
MinimumVisualStudioVersion = 10.0.40219.1
Project("{FAE04EC0-301F-11D3-BF4B-00C04F79EFBC}") = "lab10", "lab10.csproj", "{8AE32057-AD46-40DE-8C16-3C16E01C85B6}"
EndProject
Global
	GlobalSection(SolutionConfigurationPlatforms) = preSolution
		Debug|Any CPU = Debug|Any CPU
		Release|Any CPU = Release|Any CPU
	EndGlobalSection
	GlobalSection(ProjectConfigurationPlatforms) = postSolution
		{8AE32057-AD46-40DE-8C16-3C16E01C85B6}.Debug|Any CPU.ActiveCfg = Debug|Any CPU
		{8AE32057-AD46-40DE-8C16-3C16E01C85B6}.Debug|Any CPU.Build.0 = Debug|Any CPU
		{8AE32057-AD46-40DE-8C16-3C16E01C85B6}.Release|Any CPU.ActiveCfg = Release|Any CPU
		{8AE32057-AD46-40DE-8C16-3C16E01C85B6}.Release|Any CPU.Build.0 = Release|Any CPU
	EndGlobalSection
	GlobalSection(SolutionProperties) = preSolution
		HideSolutionNode = FALSE
	EndGlobalSection
	GlobalSection(ExtensibilityGlobals) = postSolution
		SolutionGuid = {BB83B9FD-1AC2-4404-92D7-3F1BBCEA4FF5}
	EndGlobalSection
EndGlobal
